{
  "requires": true,
  "lockfileVersion": 1,
  "dependencies": {
    "bitwrench": {
      "version": "1.2.10",
      "resolved": "https://registry.npmjs.org/bitwrench/-/bitwrench-1.2.10.tgz",
      "integrity": "sha512-dCmfC6JzuXG2fCCD7Mdu7mOgGbZZ/1OoAzZQYY4fVbSd1Jzx66jo53+LPAogL1BQhDLwc3JDfifwTwavuNus1A=="
    },
    "bootstrap": {
      "version": "4.5.2",
      "resolved": "https://registry.npmjs.org/bootstrap/-/bootstrap-4.5.2.tgz",
      "integrity": "sha512-vlGn0bcySYl/iV+BGA544JkkZP5LB3jsmkeKLFQakCOwCM3AOk7VkldBz4jrzSe+Z0Ezn99NVXa1o45cQY4R6A=="
    }
  }
}
